
Microsoft Visual Studio Solution File, Format Version 12.00
# Visual Studio Version 16
VisualStudioVersion = 16.0.29411.108
MinimumVisualStudioVersion = 10.0.40219.1
Project("{FAE04EC0-301F-11D3-BF4B-00C04F79EFBC}") = "SupermercadoDart", "SupermercadoDart\SupermercadoDart.csproj", "{025499F3-C48D-416C-88A9-78F683CB9678}"
EndProject
Global
	GlobalSection(SolutionConfigurationPlatforms) = preSolution
		Debug|Any CPU = Debug|Any CPU
		Release|Any CPU = Release|Any CPU
	EndGlobalSection
	GlobalSection(ProjectConfigurationPlatforms) = postSolution
		{025499F3-C48D-416C-88A9-78F683CB9678}.Debug|Any CPU.ActiveCfg = Debug|Any CPU
		{025499F3-C48D-416C-88A9-78F683CB9678}.Debug|Any CPU.Build.0 = Debug|Any CPU
		{025499F3-C48D-416C-88A9-78F683CB9678}.Release|Any CPU.ActiveCfg = Release|Any CPU
		{025499F3-C48D-416C-88A9-78F683CB9678}.Release|Any CPU.Build.0 = Release|Any CPU
	EndGlobalSection
	GlobalSection(SolutionProperties) = preSolution
		HideSolutionNode = FALSE
	EndGlobalSection
	GlobalSection(ExtensibilityGlobals) = postSolution
		SolutionGuid = {9D5CA2C2-1A72-4164-9D7B-A1360287B8B3}
	EndGlobalSection
EndGlobal
